<?xml version="1.0" encoding="utf-8"?>
<Project ToolsVersion="4.0" xmlns="http://schemas.microsoft.com/developer/msbuild/2003">
  <ItemGroup>
    <Filter Include="Source Files">
      <UniqueIdentifier>{4FC737F1-C7A5-4376-A066-2A32D752A2FF}</UniqueIdentifier>
      <Extensions>cpp;c;cc;cxx;c++;cppm;ixx;def;odl;idl;hpj;bat;asm;asmx</Extensions>
    </Filter>
    <Filter Include="Header Files">
      <UniqueIdentifier>{93995380-89BD-4b04-88EB-625FBE52EBFB}</UniqueIdentifier>
      <Extensions>h;hh;hpp;hxx;h++;hm;inl;inc;ipp;xsd</Extensions>
    </Filter>
    <Filter Include="Resource Files">
      <UniqueIdentifier>{67DA6AB6-F800-4c08-8B7A-83BB121AAD01}</UniqueIdentifier>
      <Extensions>rc;ico;cur;bmp;dlg;rc2;rct;bin;rgs;gif;jpg;jpeg;jpe;resx;tiff;tif;png;wav;mfcribbon-ms</Extensions>
    </Filter>
  </ItemGroup>
  <ItemGroup>
    <ClCompile Include="main.cpp">
      <Filter>Source Files</Filter>
    </ClCompile>
    <ClCompile Include="RandGen.cpp">
      <Filter>Source Files</Filter>
    </ClCompile>
    <ClCompile Include="Armies\EarthArmy.cpp">
      <Filter>Source Files</Filter>
    </ClCompile>
    <ClCompile Include="Armies\AlienArmy.cpp">
      <Filter>Source Files</Filter>
    </ClCompile>
    <ClCompile Include="BattleUnits\AlienDrone.cpp">
      <Filter>Source Files</Filter>
    </ClCompile>
    <ClCompile Include="BattleUnits\AlienMonster.cpp">
      <Filter>Source Files</Filter>
    </ClCompile>
    <ClCompile Include="BattleUnits\AlienSoldier.cpp">
      <Filter>Source Files</Filter>
    </ClCompile>
    <ClCompile Include="BattleUnits\EarthGunnery.cpp">
      <Filter>Source Files</Filter>
    </ClCompile>
    <ClCompile Include="BattleUnits\EarthSoldier.cpp">
      <Filter>Source Files</Filter>
    </ClCompile>
    <ClCompile Include="Game.cpp">
      <Filter>Source Files</Filter>
    </ClCompile>
    <ClCompile Include="BattleUnits\Unit.cpp">
      <Filter>Source Files</Filter>
    </ClCompile>
    <ClCompile Include="BattleUnits\EarthTank.cpp">
      <Filter>Source Files</Filter>
    </ClCompile>
    <ClCompile Include="DataStructures\ArrayMonster.cpp">
      <Filter>Source Files</Filter>
    </ClCompile>
    <ClCompile Include="BattleUnits\HealUnit.cpp">
      <Filter>Source Files</Filter>
    </ClCompile>
    <ClCompile Include="BattleUnits\SaverUnit.cpp">
      <Filter>Source Files</Filter>
    </ClCompile>
    <ClCompile Include="Armies\AllyArmy.cpp">
      <Filter>Source Files</Filter>
    </ClCompile>
  </ItemGroup>
  <ItemGroup>
    <ClInclude Include="Armies\EarthArmy.h">
      <Filter>Header Files</Filter>
    </ClInclude>
    <ClInclude Include="DataStructures\ArrayMonster.h">
      <Filter>Header Files</Filter>
    </ClInclude>
    <ClInclude Include="DataStructures\LinkedListStack.h">
      <Filter>Header Files</Filter>
    </ClInclude>
    <ClInclude Include="Game.h">
      <Filter>Header Files</Filter>
    </ClInclude>
    <ClInclude Include="RandGen.h">
      <Filter>Header Files</Filter>
    </ClInclude>
    <ClInclude Include="Interface\UI.h">
      <Filter>Header Files</Filter>
    </ClInclude>
    <ClInclude Include="DataStructures\LinkedQueue.h">
      <Filter>Header Files</Filter>
    </ClInclude>
    <ClInclude Include="DataStructures\Node.h">
      <Filter>Header Files</Filter>
    </ClInclude>
    <ClInclude Include="DataStructures\priNode.h">
      <Filter>Header Files</Filter>
    </ClInclude>
    <ClInclude Include="DataStructures\priQueue.h">
      <Filter>Header Files</Filter>
    </ClInclude>
    <ClInclude Include="DataStructures\QueueADT.h">
      <Filter>Header Files</Filter>
    </ClInclude>
    <ClInclude Include="DataStructures\StackADT.h">
      <Filter>Header Files</Filter>
    </ClInclude>
    <ClInclude Include="BattleUnits\AlienDrone.h">
      <Filter>Header Files</Filter>
    </ClInclude>
    <ClInclude Include="BattleUnits\AlienMonster.h">
      <Filter>Header Files</Filter>
    </ClInclude>
    <ClInclude Include="BattleUnits\EarthGunnery.h">
      <Filter>Header Files</Filter>
    </ClInclude>
    <ClInclude Include="BattleUnits\EarthTank.h">
      <Filter>Header Files</Filter>
    </ClInclude>
    <ClInclude Include="BattleUnits\AlienSoldier.h">
      <Filter>Header Files</Filter>
    </ClInclude>
    <ClInclude Include="BattleUnits\Unit.h">
      <Filter>Header Files</Filter>
    </ClInclude>
    <ClInclude Include="Armies\AlienArmy.h">
      <Filter>Header Files</Filter>
    </ClInclude>
    <ClInclude Include="Armies\Army.h">
      <Filter>Header Files</Filter>
    </ClInclude>
    <ClInclude Include="DataStructures\LinkedDeque.h">
      <Filter>Header Files</Filter>
    </ClInclude>
    <ClInclude Include="BattleUnits\EarthSoldier.h">
      <Filter>Header Files</Filter>
    </ClInclude>
    <ClInclude Include="DataStructures\DNode.h">
      <Filter>Header Files</Filter>
    </ClInclude>
    <ClInclude Include="BattleUnits\HealUnit.h">
      <Filter>Header Files</Filter>
    </ClInclude>
    <ClInclude Include="Armies\AllyArmy.h">
      <Filter>Header Files</Filter>
    </ClInclude>
    <ClInclude Include="BattleUnits\SaverUnit.h">
      <Filter>Header Files</Filter>
    </ClInclude>
  </ItemGroup>
  <ItemGroup>
    <None Include=".gitignore" />
  </ItemGroup>
  <ItemGroup>
    <Text Include="input.txt" />
  </ItemGroup>
</Project>